
Microsoft Visual Studio Solution File, Format Version 12.00
# Visual Studio Version 16
VisualStudioVersion = 16.0.31605.320
MinimumVisualStudioVersion = 10.0.40219.1
Project("{FAE04EC0-301F-11D3-BF4B-00C04F79EFBC}") = "Cours_Series", "Cours_Series\Cours_Series.csproj", "{AEF6C8D0-54C6-4D1B-AC7B-D1DD999C7F05}"
EndProject
Project("{FAE04EC0-301F-11D3-BF4B-00C04F79EFBC}") = "Percolation", "Percolation\Percolation.csproj", "{8D6C39AE-9B94-4072-AD9F-4432D3CA216F}"
EndProject
Project("{FAE04EC0-301F-11D3-BF4B-00C04F79EFBC}") = "Projet Partie 1", "Projet Partie 1\Projet Partie 1.csproj", "{0B170488-995B-45E0-966A-8C5222063937}"
EndProject
Global
	GlobalSection(SolutionConfigurationPlatforms) = preSolution
		Debug|Any CPU = Debug|Any CPU
		Release|Any CPU = Release|Any CPU
	EndGlobalSection
	GlobalSection(ProjectConfigurationPlatforms) = postSolution
		{AEF6C8D0-54C6-4D1B-AC7B-D1DD999C7F05}.Debug|Any CPU.ActiveCfg = Debug|Any CPU
		{AEF6C8D0-54C6-4D1B-AC7B-D1DD999C7F05}.Debug|Any CPU.Build.0 = Debug|Any CPU
		{AEF6C8D0-54C6-4D1B-AC7B-D1DD999C7F05}.Release|Any CPU.ActiveCfg = Release|Any CPU
		{AEF6C8D0-54C6-4D1B-AC7B-D1DD999C7F05}.Release|Any CPU.Build.0 = Release|Any CPU
		{8D6C39AE-9B94-4072-AD9F-4432D3CA216F}.Debug|Any CPU.ActiveCfg = Debug|Any CPU
		{8D6C39AE-9B94-4072-AD9F-4432D3CA216F}.Debug|Any CPU.Build.0 = Debug|Any CPU
		{8D6C39AE-9B94-4072-AD9F-4432D3CA216F}.Release|Any CPU.ActiveCfg = Release|Any CPU
		{8D6C39AE-9B94-4072-AD9F-4432D3CA216F}.Release|Any CPU.Build.0 = Release|Any CPU
		{0B170488-995B-45E0-966A-8C5222063937}.Debug|Any CPU.ActiveCfg = Debug|Any CPU
		{0B170488-995B-45E0-966A-8C5222063937}.Debug|Any CPU.Build.0 = Debug|Any CPU
		{0B170488-995B-45E0-966A-8C5222063937}.Release|Any CPU.ActiveCfg = Release|Any CPU
		{0B170488-995B-45E0-966A-8C5222063937}.Release|Any CPU.Build.0 = Release|Any CPU
	EndGlobalSection
	GlobalSection(SolutionProperties) = preSolution
		HideSolutionNode = FALSE
	EndGlobalSection
	GlobalSection(ExtensibilityGlobals) = postSolution
		SolutionGuid = {7726AA5C-5531-4504-87B6-3BF518729333}
	EndGlobalSection
EndGlobal
